{
  "version": "5",
  "specifiers": {
    "jsr:@marianmeres/clog@^2.3.3": "2.3.3",
    "jsr:@std/assert@1": "1.0.13",
    "jsr:@std/fs@^1.0.19": "1.0.19",
    "jsr:@std/internal@^1.0.6": "1.0.10",
    "jsr:@std/internal@^1.0.9": "1.0.10",
    "jsr:@std/path@^1.1.1": "1.1.1",
    "npm:@types/pg@^8.15.4": "8.15.4",
    "npm:pg@^8.16.3": "8.16.3",
    "npm:redis@^5.6.1": "5.6.1_@redis+client@5.6.1"
  },
  "jsr": {
    "@marianmeres/clog@2.3.3": {
      "integrity": "37780f272c28a89aa1c067b27f1234d6f9f109c0b851a49bf7eeeeb44efcedfc"
    },
    "@std/assert@1.0.13": {
      "integrity": "ae0d31e41919b12c656c742b22522c32fb26ed0cba32975cb0de2a273cb68b29",
      "dependencies": [
        "jsr:@std/internal@^1.0.6"
      ]
    },
    "@std/fs@1.0.19": {
      "integrity": "051968c2b1eae4d2ea9f79a08a3845740ef6af10356aff43d3e2ef11ed09fb06",
      "dependencies": [
        "jsr:@std/internal@^1.0.9",
        "jsr:@std/path"
      ]
    },
    "@std/internal@1.0.10": {
      "integrity": "e3be62ce42cab0e177c27698e5d9800122f67b766a0bea6ca4867886cbde8cf7"
    },
    "@std/path@1.1.1": {
      "integrity": "fe00026bd3a7e6a27f73709b83c607798be40e20c81dde655ce34052fd82ec76",
      "dependencies": [
        "jsr:@std/internal@^1.0.9"
      ]
    }
  },
  "npm": {
    "@redis/bloom@5.6.1_@redis+client@5.6.1": {
      "integrity": "sha512-5/22U76IMEfn6TeZ+uvjXspHw+ykBF0kpBa8xouzeHaQMXs/auqBUOEYzU2VKYDvnd2RSpPTyIg82oB7PpUgLg==",
      "dependencies": [
        "@redis/client"
      ]
    },
    "@redis/client@5.6.1": {
      "integrity": "sha512-bWHmSFIJ5w1Y4aHsYs46XMDHKQsBHFRhNcllYaBxz2Zl+lu+gbm5yI9BqxvKh48bLTs/Wx1Kns0gN2WIasE8MA==",
      "dependencies": [
        "cluster-key-slot"
      ]
    },
    "@redis/json@5.6.1_@redis+client@5.6.1": {
      "integrity": "sha512-cTggVzPIVuiFeXcEcnTRiUzV7rmUvM9KUYxWiHyjsAVACTEUe4ifKkvzrij0H/z3ammU5tfGACffDB3olBwtVA==",
      "dependencies": [
        "@redis/client"
      ]
    },
    "@redis/search@5.6.1_@redis+client@5.6.1": {
      "integrity": "sha512-+eOjx8O2YoKygjqkLpTHqcAq0zKLjior+ee2tRBx/3RSf1+OHxiC9Y6NstshQpvB1XHqTw9n7+f0+MsRJZrp0g==",
      "dependencies": [
        "@redis/client"
      ]
    },
    "@redis/time-series@5.6.1_@redis+client@5.6.1": {
      "integrity": "sha512-sd3q4jMJdoSO2akw1L9NrdFI1JJ6zeMgMUoTh4a34p9sY3AnOI4aDLCecy8L2IcPAP1oNR3TbLFJiCJDQ35QTA==",
      "dependencies": [
        "@redis/client"
      ]
    },
    "@types/node@22.15.15": {
      "integrity": "sha512-R5muMcZob3/Jjchn5LcO8jdKwSCbzqmPB6ruBxMcf9kbxtniZHP327s6C37iOfuw8mbKK3cAQa7sEl7afLrQ8A==",
      "dependencies": [
        "undici-types"
      ]
    },
    "@types/pg@8.15.4": {
      "integrity": "sha512-I6UNVBAoYbvuWkkU3oosC8yxqH21f4/Jc4DK71JLG3dT2mdlGe1z+ep/LQGXaKaOgcvUrsQoPRqfgtMcvZiJhg==",
      "dependencies": [
        "@types/node",
        "pg-protocol",
        "pg-types"
      ]
    },
    "cluster-key-slot@1.1.2": {
      "integrity": "sha512-RMr0FhtfXemyinomL4hrWcYJxmX6deFdCxpJzhDttxgO1+bcCnkk+9drydLVDmAMG7NE6aN/fl4F7ucU/90gAA=="
    },
    "pg-cloudflare@1.2.7": {
      "integrity": "sha512-YgCtzMH0ptvZJslLM1ffsY4EuGaU0cx4XSdXLRFae8bPP4dS5xL1tNB3k2o/N64cHJpwU7dxKli/nZ2lUa5fLg=="
    },
    "pg-connection-string@2.9.1": {
      "integrity": "sha512-nkc6NpDcvPVpZXxrreI/FOtX3XemeLl8E0qFr6F2Lrm/I8WOnaWNhIPK2Z7OHpw7gh5XJThi6j6ppgNoaT1w4w=="
    },
    "pg-int8@1.0.1": {
      "integrity": "sha512-WCtabS6t3c8SkpDBUlb1kjOs7l66xsGdKpIPZsg4wR+B3+u9UAum2odSsF9tnvxg80h4ZxLWMy4pRjOsFIqQpw=="
    },
    "pg-pool@3.10.1_pg@8.16.3": {
      "integrity": "sha512-Tu8jMlcX+9d8+QVzKIvM/uJtp07PKr82IUOYEphaWcoBhIYkoHpLXN3qO59nAI11ripznDsEzEv8nUxBVWajGg==",
      "dependencies": [
        "pg"
      ]
    },
    "pg-protocol@1.10.3": {
      "integrity": "sha512-6DIBgBQaTKDJyxnXaLiLR8wBpQQcGWuAESkRBX/t6OwA8YsqP+iVSiond2EDy6Y/dsGk8rh/jtax3js5NeV7JQ=="
    },
    "pg-types@2.2.0": {
      "integrity": "sha512-qTAAlrEsl8s4OiEQY69wDvcMIdQN6wdz5ojQiOy6YRMuynxenON0O5oCpJI6lshc6scgAY8qvJ2On/p+CXY0GA==",
      "dependencies": [
        "pg-int8",
        "postgres-array",
        "postgres-bytea",
        "postgres-date",
        "postgres-interval"
      ]
    },
    "pg@8.16.3": {
      "integrity": "sha512-enxc1h0jA/aq5oSDMvqyW3q89ra6XIIDZgCX9vkMrnz5DFTw/Ny3Li2lFQ+pt3L6MCgm/5o2o8HW9hiJji+xvw==",
      "dependencies": [
        "pg-connection-string",
        "pg-pool",
        "pg-protocol",
        "pg-types",
        "pgpass"
      ],
      "optionalDependencies": [
        "pg-cloudflare"
      ]
    },
    "pgpass@1.0.5": {
      "integrity": "sha512-FdW9r/jQZhSeohs1Z3sI1yxFQNFvMcnmfuj4WBMUTxOrAyLMaTcE1aAMBiTlbMNaXvBCQuVi0R7hd8udDSP7ug==",
      "dependencies": [
        "split2"
      ]
    },
    "postgres-array@2.0.0": {
      "integrity": "sha512-VpZrUqU5A69eQyW2c5CA1jtLecCsN2U/bD6VilrFDWq5+5UIEVO7nazS3TEcHf1zuPYO/sqGvUvW62g86RXZuA=="
    },
    "postgres-bytea@1.0.0": {
      "integrity": "sha512-xy3pmLuQqRBZBXDULy7KbaitYqLcmxigw14Q5sj8QBVLqEwXfeybIKVWiqAXTlcvdvb0+xkOtDbfQMOf4lST1w=="
    },
    "postgres-date@1.0.7": {
      "integrity": "sha512-suDmjLVQg78nMK2UZ454hAG+OAW+HQPZ6n++TNDUX+L0+uUlLywnoxJKDou51Zm+zTCjrCl0Nq6J9C5hP9vK/Q=="
    },
    "postgres-interval@1.2.0": {
      "integrity": "sha512-9ZhXKM/rw350N1ovuWHbGxnGh/SNJ4cnxHiM0rxE4VN41wsg8P8zWn9hv/buK00RP4WvlOyr/RBDiptyxVbkZQ==",
      "dependencies": [
        "xtend"
      ]
    },
    "redis@5.6.1_@redis+client@5.6.1": {
      "integrity": "sha512-O9DwAvcBm/lrlkGE0A6gNBtUdA8J9oD9njeLYlLzmm+MGTR7nd7VkpspfXqeXFg3gm89zldDqckyaHhXfhY80g==",
      "dependencies": [
        "@redis/bloom",
        "@redis/client",
        "@redis/json",
        "@redis/search",
        "@redis/time-series"
      ]
    },
    "split2@4.2.0": {
      "integrity": "sha512-UcjcJOWknrNkF6PLX83qcHM6KHgVKNkV62Y8a5uYDVv9ydGQVwAHMKqHdJje1VTWpljG0WYpCDhrCdAOYH4TWg=="
    },
    "undici-types@6.21.0": {
      "integrity": "sha512-iwDZqg0QAGrg9Rav5H4n0M64c3mkR59cJ6wQp+7C4nI0gsmExaedaYLNO44eT4AtBBwjbTiGPMlt2Md0T9H9JQ=="
    },
    "xtend@4.0.2": {
      "integrity": "sha512-LKYU1iAXJXUgAXn9URjiu+MWhyUXHsvfp7mcuYm9dSUKK0/CjtrUwFAxD82/mCWbtLsGjFIad0wIsod4zrTAEQ=="
    }
  },
  "workspace": {
    "dependencies": [
      "jsr:@marianmeres/clog@^2.3.3",
      "jsr:@std/assert@1",
      "jsr:@std/fs@^1.0.19",
      "jsr:@std/path@^1.1.1",
      "npm:@types/pg@^8.15.4",
      "npm:pg@^8.16.3",
      "npm:redis@^5.6.1"
    ]
  }
}
